
Microsoft Visual Studio Solution File, Format Version 12.00
# Visual Studio Version 17
VisualStudioVersion = 17.8.34330.188
MinimumVisualStudioVersion = 10.0.40219.1
Project("{FAE04EC0-301F-11D3-BF4B-00C04F79EFBC}") = "05_2_delegaty_powiadomienia_Menu3", "05_2_delegaty_powiadomienia_Menu3.csproj", "{FD0F8FDD-A66D-44DE-BE18-984D3D75752E}"
EndProject
Global
	GlobalSection(SolutionConfigurationPlatforms) = preSolution
		Debug|Any CPU = Debug|Any CPU
		Release|Any CPU = Release|Any CPU
	EndGlobalSection
	GlobalSection(ProjectConfigurationPlatforms) = postSolution
		{FD0F8FDD-A66D-44DE-BE18-984D3D75752E}.Debug|Any CPU.ActiveCfg = Debug|Any CPU
		{FD0F8FDD-A66D-44DE-BE18-984D3D75752E}.Debug|Any CPU.Build.0 = Debug|Any CPU
		{FD0F8FDD-A66D-44DE-BE18-984D3D75752E}.Release|Any CPU.ActiveCfg = Release|Any CPU
		{FD0F8FDD-A66D-44DE-BE18-984D3D75752E}.Release|Any CPU.Build.0 = Release|Any CPU
	EndGlobalSection
	GlobalSection(SolutionProperties) = preSolution
		HideSolutionNode = FALSE
	EndGlobalSection
	GlobalSection(ExtensibilityGlobals) = postSolution
		SolutionGuid = {2887EA7B-0026-4599-BEA7-81EAB297C987}
	EndGlobalSection
EndGlobal
