
Microsoft Visual Studio Solution File, Format Version 12.00
# Visual Studio Version 17
VisualStudioVersion = 17.8.34330.188
MinimumVisualStudioVersion = 10.0.40219.1
Project("{FAE04EC0-301F-11D3-BF4B-00C04F79EFBC}") = "04_ConsoleApp1", "04_ConsoleApp1.csproj", "{DABB6C20-5519-45C1-9140-1C52F91892E3}"
EndProject
Global
	GlobalSection(SolutionConfigurationPlatforms) = preSolution
		Debug|Any CPU = Debug|Any CPU
		Release|Any CPU = Release|Any CPU
	EndGlobalSection
	GlobalSection(ProjectConfigurationPlatforms) = postSolution
		{DABB6C20-5519-45C1-9140-1C52F91892E3}.Debug|Any CPU.ActiveCfg = Debug|Any CPU
		{DABB6C20-5519-45C1-9140-1C52F91892E3}.Debug|Any CPU.Build.0 = Debug|Any CPU
		{DABB6C20-5519-45C1-9140-1C52F91892E3}.Release|Any CPU.ActiveCfg = Release|Any CPU
		{DABB6C20-5519-45C1-9140-1C52F91892E3}.Release|Any CPU.Build.0 = Release|Any CPU
	EndGlobalSection
	GlobalSection(SolutionProperties) = preSolution
		HideSolutionNode = FALSE
	EndGlobalSection
	GlobalSection(ExtensibilityGlobals) = postSolution
		SolutionGuid = {7C43725D-EDB1-46EA-A441-10EE1D289094}
	EndGlobalSection
EndGlobal
