
Microsoft Visual Studio Solution File, Format Version 12.00
# Visual Studio Version 17
VisualStudioVersion = 17.1.32414.318
MinimumVisualStudioVersion = 10.0.40219.1
Project("{FAE04EC0-301F-11D3-BF4B-00C04F79EFBC}") = "Project_9", "Project_9.csproj", "{16D1174A-DA2E-4518-B963-7D08AB9AD39D}"
EndProject
Global
	GlobalSection(SolutionConfigurationPlatforms) = preSolution
		Debug|Any CPU = Debug|Any CPU
		Release|Any CPU = Release|Any CPU
	EndGlobalSection
	GlobalSection(ProjectConfigurationPlatforms) = postSolution
		{16D1174A-DA2E-4518-B963-7D08AB9AD39D}.Debug|Any CPU.ActiveCfg = Debug|Any CPU
		{16D1174A-DA2E-4518-B963-7D08AB9AD39D}.Debug|Any CPU.Build.0 = Debug|Any CPU
		{16D1174A-DA2E-4518-B963-7D08AB9AD39D}.Release|Any CPU.ActiveCfg = Release|Any CPU
		{16D1174A-DA2E-4518-B963-7D08AB9AD39D}.Release|Any CPU.Build.0 = Release|Any CPU
	EndGlobalSection
	GlobalSection(SolutionProperties) = preSolution
		HideSolutionNode = FALSE
	EndGlobalSection
	GlobalSection(ExtensibilityGlobals) = postSolution
		SolutionGuid = {A1A172C2-E50D-4BF4-8443-F6F914BA7423}
	EndGlobalSection
EndGlobal
