
Microsoft Visual Studio Solution File, Format Version 12.00
# Visual Studio Version 17
VisualStudioVersion = 17.1.32414.318
MinimumVisualStudioVersion = 10.0.40219.1
Project("{FAE04EC0-301F-11D3-BF4B-00C04F79EFBC}") = "Project_12", "Project_12.csproj", "{C15D947A-1304-4C97-8651-F7D763DC0D53}"
EndProject
Global
	GlobalSection(SolutionConfigurationPlatforms) = preSolution
		Debug|Any CPU = Debug|Any CPU
		Release|Any CPU = Release|Any CPU
	EndGlobalSection
	GlobalSection(ProjectConfigurationPlatforms) = postSolution
		{C15D947A-1304-4C97-8651-F7D763DC0D53}.Debug|Any CPU.ActiveCfg = Debug|Any CPU
		{C15D947A-1304-4C97-8651-F7D763DC0D53}.Debug|Any CPU.Build.0 = Debug|Any CPU
		{C15D947A-1304-4C97-8651-F7D763DC0D53}.Release|Any CPU.ActiveCfg = Release|Any CPU
		{C15D947A-1304-4C97-8651-F7D763DC0D53}.Release|Any CPU.Build.0 = Release|Any CPU
	EndGlobalSection
	GlobalSection(SolutionProperties) = preSolution
		HideSolutionNode = FALSE
	EndGlobalSection
	GlobalSection(ExtensibilityGlobals) = postSolution
		SolutionGuid = {DC00EDE3-5DC5-4A5C-B357-8402AD1D07D1}
	EndGlobalSection
EndGlobal
