
Microsoft Visual Studio Solution File, Format Version 12.00
# Visual Studio Version 17
VisualStudioVersion = 17.8.34330.188
MinimumVisualStudioVersion = 10.0.40219.1
Project("{FAE04EC0-301F-11D3-BF4B-00C04F79EFBC}") = "Project13_1_enum", "Project13_1_enum.csproj", "{BF7936D4-50F2-489A-AB83-F5B2D16DBE50}"
EndProject
Global
	GlobalSection(SolutionConfigurationPlatforms) = preSolution
		Debug|Any CPU = Debug|Any CPU
		Release|Any CPU = Release|Any CPU
	EndGlobalSection
	GlobalSection(ProjectConfigurationPlatforms) = postSolution
		{BF7936D4-50F2-489A-AB83-F5B2D16DBE50}.Debug|Any CPU.ActiveCfg = Debug|Any CPU
		{BF7936D4-50F2-489A-AB83-F5B2D16DBE50}.Debug|Any CPU.Build.0 = Debug|Any CPU
		{BF7936D4-50F2-489A-AB83-F5B2D16DBE50}.Release|Any CPU.ActiveCfg = Release|Any CPU
		{BF7936D4-50F2-489A-AB83-F5B2D16DBE50}.Release|Any CPU.Build.0 = Release|Any CPU
	EndGlobalSection
	GlobalSection(SolutionProperties) = preSolution
		HideSolutionNode = FALSE
	EndGlobalSection
	GlobalSection(ExtensibilityGlobals) = postSolution
		SolutionGuid = {CC3751C5-5CF3-4B91-A575-6B93E20BB1C6}
	EndGlobalSection
EndGlobal
