
Microsoft Visual Studio Solution File, Format Version 12.00
# Visual Studio Version 16
VisualStudioVersion = 16.0.35325.158
MinimumVisualStudioVersion = 10.0.40219.1
Project("{FAE04EC0-301F-11D3-BF4B-00C04F79EFBC}") = "2_dziedziczenie_kompozycja_biblioteka", "2_dziedziczenie_kompozycja_biblioteka.csproj", "{9BFC1F8D-CAEC-4136-A4EA-EB670F4AA9D3}"
EndProject
Global
	GlobalSection(SolutionConfigurationPlatforms) = preSolution
		Debug|Any CPU = Debug|Any CPU
		Release|Any CPU = Release|Any CPU
	EndGlobalSection
	GlobalSection(ProjectConfigurationPlatforms) = postSolution
		{9BFC1F8D-CAEC-4136-A4EA-EB670F4AA9D3}.Debug|Any CPU.ActiveCfg = Debug|Any CPU
		{9BFC1F8D-CAEC-4136-A4EA-EB670F4AA9D3}.Debug|Any CPU.Build.0 = Debug|Any CPU
		{9BFC1F8D-CAEC-4136-A4EA-EB670F4AA9D3}.Release|Any CPU.ActiveCfg = Release|Any CPU
		{9BFC1F8D-CAEC-4136-A4EA-EB670F4AA9D3}.Release|Any CPU.Build.0 = Release|Any CPU
	EndGlobalSection
	GlobalSection(SolutionProperties) = preSolution
		HideSolutionNode = FALSE
	EndGlobalSection
	GlobalSection(ExtensibilityGlobals) = postSolution
		SolutionGuid = {B71762DD-8E79-4CC5-A40E-53E1FDB7050C}
	EndGlobalSection
EndGlobal
