
Microsoft Visual Studio Solution File, Format Version 12.00
# Visual Studio Version 17
VisualStudioVersion = 17.8.34330.188
MinimumVisualStudioVersion = 10.0.40219.1
Project("{FAE04EC0-301F-11D3-BF4B-00C04F79EFBC}") = "02_Zadanie_Shape", "02_Zadanie_Shape.csproj", "{166B30FE-EC6B-4162-A20E-E152A5CF35D4}"
EndProject
Global
	GlobalSection(SolutionConfigurationPlatforms) = preSolution
		Debug|Any CPU = Debug|Any CPU
		Release|Any CPU = Release|Any CPU
	EndGlobalSection
	GlobalSection(ProjectConfigurationPlatforms) = postSolution
		{166B30FE-EC6B-4162-A20E-E152A5CF35D4}.Debug|Any CPU.ActiveCfg = Debug|Any CPU
		{166B30FE-EC6B-4162-A20E-E152A5CF35D4}.Debug|Any CPU.Build.0 = Debug|Any CPU
		{166B30FE-EC6B-4162-A20E-E152A5CF35D4}.Release|Any CPU.ActiveCfg = Release|Any CPU
		{166B30FE-EC6B-4162-A20E-E152A5CF35D4}.Release|Any CPU.Build.0 = Release|Any CPU
	EndGlobalSection
	GlobalSection(SolutionProperties) = preSolution
		HideSolutionNode = FALSE
	EndGlobalSection
	GlobalSection(ExtensibilityGlobals) = postSolution
		SolutionGuid = {FE0333D5-B2D3-450F-808D-9E38E3B64985}
	EndGlobalSection
EndGlobal
